
Microsoft Visual Studio Solution File, Format Version 12.00
# Visual Studio Version 17
VisualStudioVersion = 17.0.31903.59
MinimumVisualStudioVersion = 10.0.40219.1
Project("{2150E333-8FDC-42A3-9474-1A3956D46DE8}") = "Solution Items", "Solution Items", "{A4F9C13B-5E1A-4E6A-8A26-7E8917259953}"
	ProjectSection(SolutionItems) = preProject
		.editorconfig = .editorconfig
		appveyor.cmd = appveyor.cmd
		appveyor.yml = appveyor.yml
		BuildLocal.cmd = BuildLocal.cmd
		..\..\..\..\Downloads\dotnet-install.ps1 = ..\..\..\..\Downloads\dotnet-install.ps1
		global.json = global.json
		NuGet.config = NuGet.config
		README.MD = README.MD
		version.json = version.json
	EndProjectSection
EndProject
Project("{2150E333-8FDC-42A3-9474-1A3956D46DE8}") = "01. Infrastructure Sub Layer", "01. Infrastructure Sub Layer", "{EC7DE2B7-FD7F-4458-A1AC-5ACA41C69AB5}"
EndProject
Project("{2150E333-8FDC-42A3-9474-1A3956D46DE8}") = "01. Presentation Layer", "01. Presentation Layer", "{3FD7EFEC-5894-406A-B38B-EE65D9970EBF}"
EndProject
Project("{2150E333-8FDC-42A3-9474-1A3956D46DE8}") = "00. Installer", "00. Installer", "{717698DB-DFEB-4D01-9CBE-E7FAAEF7A1C1}"
EndProject
Project("{2150E333-8FDC-42A3-9474-1A3956D46DE8}") = "02. Service Layer", "02. Service Layer", "{A445DD27-D77A-46D1-AF78-396E9A5C09CF}"
EndProject
Project("{2150E333-8FDC-42A3-9474-1A3956D46DE8}") = "Host", "Host", "{09BAFE97-0B6E-470F-8DB4-478BD714FD96}"
EndProject
Project("{2150E333-8FDC-42A3-9474-1A3956D46DE8}") = "03. Application Layer", "03. Application Layer", "{35EB96E6-EF5B-41DA-BE03-AEACB1561836}"
EndProject
Project("{2150E333-8FDC-42A3-9474-1A3956D46DE8}") = "04. Business Layer", "04. Business Layer", "{4BB080BC-8F59-49C6-B651-BB715F579F64}"
EndProject
Project("{2150E333-8FDC-42A3-9474-1A3956D46DE8}") = "05. Domain Layer", "05. Domain Layer", "{9C48EFCE-6320-414F-A5B9-E5CDC2E03FC7}"
EndProject
Project("{2150E333-8FDC-42A3-9474-1A3956D46DE8}") = "06. Infrastructure Layer", "06. Infrastructure Layer", "{AE1DF144-67B0-4D26-8412-E29B5F868362}"
EndProject
Project("{9A19103F-16F7-4668-BE54-9A1E7A4F7556}") = "KSociety.Log.Srv.Dto", "Src\01\02\KSociety.Log.Srv.Dto\KSociety.Log.Srv.Dto.csproj", "{4CF27510-4D04-446E-BF8A-68FF54BA96B9}"
EndProject
Project("{9A19103F-16F7-4668-BE54-9A1E7A4F7556}") = "KSociety.Log.Srv.Contract", "Src\01\02\KSociety.Log.Srv.Contract\KSociety.Log.Srv.Contract.csproj", "{D43CC524-2B8E-48CF-8A2A-45D16C2ED45E}"
EndProject
Project("{9A19103F-16F7-4668-BE54-9A1E7A4F7556}") = "KSociety.Log.Srv.Behavior", "Src\01\02\KSociety.Log.Srv.Behavior\KSociety.Log.Srv.Behavior.csproj", "{2D583FA7-A130-4E5E-B2B7-5ECA96A4FE79}"
EndProject
Project("{9A19103F-16F7-4668-BE54-9A1E7A4F7556}") = "KSociety.Log.Srv.Agent", "Src\01\02\KSociety.Log.Srv.Agent\KSociety.Log.Srv.Agent.csproj", "{E8101B6A-1B0B-4C12-8E62-16E93B582223}"
EndProject
Project("{9A19103F-16F7-4668-BE54-9A1E7A4F7556}") = "KSociety.Log.Srv.Host", "Src\01\02\Host\KSociety.Log.Srv.Host\KSociety.Log.Srv.Host.csproj", "{5A71BE3E-B9B2-4F08-B9AC-2FE16A61FBC5}"
EndProject
Project("{FAE04EC0-301F-11D3-BF4B-00C04F79EFBC}") = "KSociety.Log.Install", "Src\00\KSociety.Log.Install\KSociety.Log.Install.csproj", "{22184C01-2551-4907-9F42-C9923D29CCD7}"
EndProject
Project("{2150E333-8FDC-42A3-9474-1A3956D46DE8}") = "Web", "Web", "{70062038-68E6-4EAC-AA65-E05C455BDE45}"
EndProject
Project("{9A19103F-16F7-4668-BE54-9A1E7A4F7556}") = "KSociety.Log.Pre.Web.App", "Src\01\01\Web\KSociety.Log.Pre.Web.App\KSociety.Log.Pre.Web.App.csproj", "{B6E3A9E4-7A9D-420C-801F-6D57C8E10C61}"
EndProject
Project("{9A19103F-16F7-4668-BE54-9A1E7A4F7556}") = "KSociety.Log.Biz", "Src\01\04\KSociety.Log.Biz\KSociety.Log.Biz.csproj", "{7F1694AD-7A2A-4E9B-AD12-7A96FB774187}"
EndProject
Project("{9A19103F-16F7-4668-BE54-9A1E7A4F7556}") = "KSociety.Log.App.Dto", "Src\01\03\KSociety.Log.App.Dto\KSociety.Log.App.Dto.csproj", "{D754531A-2979-4FA8-9BCE-2CB4B7C1B3BB}"
EndProject
Project("{9A19103F-16F7-4668-BE54-9A1E7A4F7556}") = "KSociety.Log.App.ReqHdlr", "Src\01\03\KSociety.Log.App.ReqHdlr\KSociety.Log.App.ReqHdlr.csproj", "{8F870FDD-0F65-43BF-9036-6DDF0B39FFEF}"
EndProject
Project("{9A19103F-16F7-4668-BE54-9A1E7A4F7556}") = "KSociety.Log.Serilog.Sinks.RabbitMq", "Src\01\Sink\KSociety.Log.Serilog.Sinks.RabbitMq\KSociety.Log.Serilog.Sinks.RabbitMq.csproj", "{CD03FDC1-62AC-4AC3-B98D-EB155DE8EE15}"
EndProject
Project("{2150E333-8FDC-42A3-9474-1A3956D46DE8}") = "Test", "Test", "{45D0C8B6-0DE1-4E7F-BDAB-996BE39C2DD7}"
EndProject
Project("{9A19103F-16F7-4668-BE54-9A1E7A4F7556}") = "KSociety.Log.Serilog.Sinks.Test", "Src\01\Sink\Test\KSociety.Log.Serilog.Sinks.Test\KSociety.Log.Serilog.Sinks.Test.csproj", "{2F1E40B9-6C94-4714-A314-E67B10CE6284}"
EndProject
Project("{2150E333-8FDC-42A3-9474-1A3956D46DE8}") = "Sink", "Sink", "{CF863BCE-7A36-4B3C-A1C8-4BC4454B4580}"
EndProject
Project("{9A19103F-16F7-4668-BE54-9A1E7A4F7556}") = "KSociety.Log.Serilog.Sinks.SignalR", "Src\01\Sink\KSociety.Log.Serilog.Sinks.SignalR\KSociety.Log.Serilog.Sinks.SignalR.csproj", "{DE2154F3-E0F1-434E-B716-B8840FBCFA97}"
EndProject
Project("{9A19103F-16F7-4668-BE54-9A1E7A4F7556}") = "KSociety.Log.Serilog.Sinks.Grpc", "Src\01\Sink\KSociety.Log.Serilog.Sinks.Grpc\KSociety.Log.Serilog.Sinks.Grpc.csproj", "{B0C9D544-D441-4709-B2BF-194E6C2F10B2}"
EndProject
Global
	GlobalSection(SolutionConfigurationPlatforms) = preSolution
		Debug|Any CPU = Debug|Any CPU
		Release|Any CPU = Release|Any CPU
	EndGlobalSection
	GlobalSection(ProjectConfigurationPlatforms) = postSolution
		{4CF27510-4D04-446E-BF8A-68FF54BA96B9}.Debug|Any CPU.ActiveCfg = Debug|Any CPU
		{4CF27510-4D04-446E-BF8A-68FF54BA96B9}.Debug|Any CPU.Build.0 = Debug|Any CPU
		{4CF27510-4D04-446E-BF8A-68FF54BA96B9}.Release|Any CPU.ActiveCfg = Release|Any CPU
		{4CF27510-4D04-446E-BF8A-68FF54BA96B9}.Release|Any CPU.Build.0 = Release|Any CPU
		{D43CC524-2B8E-48CF-8A2A-45D16C2ED45E}.Debug|Any CPU.ActiveCfg = Debug|Any CPU
		{D43CC524-2B8E-48CF-8A2A-45D16C2ED45E}.Debug|Any CPU.Build.0 = Debug|Any CPU
		{D43CC524-2B8E-48CF-8A2A-45D16C2ED45E}.Release|Any CPU.ActiveCfg = Release|Any CPU
		{D43CC524-2B8E-48CF-8A2A-45D16C2ED45E}.Release|Any CPU.Build.0 = Release|Any CPU
		{2D583FA7-A130-4E5E-B2B7-5ECA96A4FE79}.Debug|Any CPU.ActiveCfg = Debug|Any CPU
		{2D583FA7-A130-4E5E-B2B7-5ECA96A4FE79}.Debug|Any CPU.Build.0 = Debug|Any CPU
		{2D583FA7-A130-4E5E-B2B7-5ECA96A4FE79}.Release|Any CPU.ActiveCfg = Release|Any CPU
		{2D583FA7-A130-4E5E-B2B7-5ECA96A4FE79}.Release|Any CPU.Build.0 = Release|Any CPU
		{E8101B6A-1B0B-4C12-8E62-16E93B582223}.Debug|Any CPU.ActiveCfg = Debug|Any CPU
		{E8101B6A-1B0B-4C12-8E62-16E93B582223}.Debug|Any CPU.Build.0 = Debug|Any CPU
		{E8101B6A-1B0B-4C12-8E62-16E93B582223}.Release|Any CPU.ActiveCfg = Release|Any CPU
		{E8101B6A-1B0B-4C12-8E62-16E93B582223}.Release|Any CPU.Build.0 = Release|Any CPU
		{5A71BE3E-B9B2-4F08-B9AC-2FE16A61FBC5}.Debug|Any CPU.ActiveCfg = Debug|Any CPU
		{5A71BE3E-B9B2-4F08-B9AC-2FE16A61FBC5}.Release|Any CPU.ActiveCfg = Release|Any CPU
		{22184C01-2551-4907-9F42-C9923D29CCD7}.Debug|Any CPU.ActiveCfg = Debug|Any CPU
		{22184C01-2551-4907-9F42-C9923D29CCD7}.Release|Any CPU.ActiveCfg = Release|Any CPU
		{B6E3A9E4-7A9D-420C-801F-6D57C8E10C61}.Debug|Any CPU.ActiveCfg = Debug|Any CPU
		{B6E3A9E4-7A9D-420C-801F-6D57C8E10C61}.Release|Any CPU.ActiveCfg = Release|Any CPU
		{7F1694AD-7A2A-4E9B-AD12-7A96FB774187}.Debug|Any CPU.ActiveCfg = Debug|Any CPU
		{7F1694AD-7A2A-4E9B-AD12-7A96FB774187}.Debug|Any CPU.Build.0 = Debug|Any CPU
		{7F1694AD-7A2A-4E9B-AD12-7A96FB774187}.Release|Any CPU.ActiveCfg = Release|Any CPU
		{7F1694AD-7A2A-4E9B-AD12-7A96FB774187}.Release|Any CPU.Build.0 = Release|Any CPU
		{D754531A-2979-4FA8-9BCE-2CB4B7C1B3BB}.Debug|Any CPU.ActiveCfg = Debug|Any CPU
		{D754531A-2979-4FA8-9BCE-2CB4B7C1B3BB}.Debug|Any CPU.Build.0 = Debug|Any CPU
		{D754531A-2979-4FA8-9BCE-2CB4B7C1B3BB}.Release|Any CPU.ActiveCfg = Release|Any CPU
		{D754531A-2979-4FA8-9BCE-2CB4B7C1B3BB}.Release|Any CPU.Build.0 = Release|Any CPU
		{8F870FDD-0F65-43BF-9036-6DDF0B39FFEF}.Debug|Any CPU.ActiveCfg = Debug|Any CPU
		{8F870FDD-0F65-43BF-9036-6DDF0B39FFEF}.Debug|Any CPU.Build.0 = Debug|Any CPU
		{8F870FDD-0F65-43BF-9036-6DDF0B39FFEF}.Release|Any CPU.ActiveCfg = Release|Any CPU
		{8F870FDD-0F65-43BF-9036-6DDF0B39FFEF}.Release|Any CPU.Build.0 = Release|Any CPU
		{CD03FDC1-62AC-4AC3-B98D-EB155DE8EE15}.Debug|Any CPU.ActiveCfg = Debug|Any CPU
		{CD03FDC1-62AC-4AC3-B98D-EB155DE8EE15}.Debug|Any CPU.Build.0 = Debug|Any CPU
		{CD03FDC1-62AC-4AC3-B98D-EB155DE8EE15}.Release|Any CPU.ActiveCfg = Release|Any CPU
		{CD03FDC1-62AC-4AC3-B98D-EB155DE8EE15}.Release|Any CPU.Build.0 = Release|Any CPU
		{2F1E40B9-6C94-4714-A314-E67B10CE6284}.Debug|Any CPU.ActiveCfg = Debug|Any CPU
		{2F1E40B9-6C94-4714-A314-E67B10CE6284}.Release|Any CPU.ActiveCfg = Release|Any CPU
		{DE2154F3-E0F1-434E-B716-B8840FBCFA97}.Debug|Any CPU.ActiveCfg = Debug|Any CPU
		{DE2154F3-E0F1-434E-B716-B8840FBCFA97}.Debug|Any CPU.Build.0 = Debug|Any CPU
		{DE2154F3-E0F1-434E-B716-B8840FBCFA97}.Release|Any CPU.ActiveCfg = Release|Any CPU
		{DE2154F3-E0F1-434E-B716-B8840FBCFA97}.Release|Any CPU.Build.0 = Release|Any CPU
		{B0C9D544-D441-4709-B2BF-194E6C2F10B2}.Debug|Any CPU.ActiveCfg = Debug|Any CPU
		{B0C9D544-D441-4709-B2BF-194E6C2F10B2}.Debug|Any CPU.Build.0 = Debug|Any CPU
		{B0C9D544-D441-4709-B2BF-194E6C2F10B2}.Release|Any CPU.ActiveCfg = Release|Any CPU
		{B0C9D544-D441-4709-B2BF-194E6C2F10B2}.Release|Any CPU.Build.0 = Release|Any CPU
	EndGlobalSection
	GlobalSection(SolutionProperties) = preSolution
		HideSolutionNode = FALSE
	EndGlobalSection
	GlobalSection(NestedProjects) = preSolution
		{3FD7EFEC-5894-406A-B38B-EE65D9970EBF} = {EC7DE2B7-FD7F-4458-A1AC-5ACA41C69AB5}
		{A445DD27-D77A-46D1-AF78-396E9A5C09CF} = {EC7DE2B7-FD7F-4458-A1AC-5ACA41C69AB5}
		{09BAFE97-0B6E-470F-8DB4-478BD714FD96} = {A445DD27-D77A-46D1-AF78-396E9A5C09CF}
		{35EB96E6-EF5B-41DA-BE03-AEACB1561836} = {EC7DE2B7-FD7F-4458-A1AC-5ACA41C69AB5}
		{4BB080BC-8F59-49C6-B651-BB715F579F64} = {EC7DE2B7-FD7F-4458-A1AC-5ACA41C69AB5}
		{9C48EFCE-6320-414F-A5B9-E5CDC2E03FC7} = {EC7DE2B7-FD7F-4458-A1AC-5ACA41C69AB5}
		{AE1DF144-67B0-4D26-8412-E29B5F868362} = {EC7DE2B7-FD7F-4458-A1AC-5ACA41C69AB5}
		{4CF27510-4D04-446E-BF8A-68FF54BA96B9} = {A445DD27-D77A-46D1-AF78-396E9A5C09CF}
		{D43CC524-2B8E-48CF-8A2A-45D16C2ED45E} = {A445DD27-D77A-46D1-AF78-396E9A5C09CF}
		{2D583FA7-A130-4E5E-B2B7-5ECA96A4FE79} = {A445DD27-D77A-46D1-AF78-396E9A5C09CF}
		{E8101B6A-1B0B-4C12-8E62-16E93B582223} = {A445DD27-D77A-46D1-AF78-396E9A5C09CF}
		{5A71BE3E-B9B2-4F08-B9AC-2FE16A61FBC5} = {09BAFE97-0B6E-470F-8DB4-478BD714FD96}
		{22184C01-2551-4907-9F42-C9923D29CCD7} = {717698DB-DFEB-4D01-9CBE-E7FAAEF7A1C1}
		{70062038-68E6-4EAC-AA65-E05C455BDE45} = {3FD7EFEC-5894-406A-B38B-EE65D9970EBF}
		{B6E3A9E4-7A9D-420C-801F-6D57C8E10C61} = {70062038-68E6-4EAC-AA65-E05C455BDE45}
		{7F1694AD-7A2A-4E9B-AD12-7A96FB774187} = {4BB080BC-8F59-49C6-B651-BB715F579F64}
		{D754531A-2979-4FA8-9BCE-2CB4B7C1B3BB} = {35EB96E6-EF5B-41DA-BE03-AEACB1561836}
		{8F870FDD-0F65-43BF-9036-6DDF0B39FFEF} = {35EB96E6-EF5B-41DA-BE03-AEACB1561836}
		{CD03FDC1-62AC-4AC3-B98D-EB155DE8EE15} = {CF863BCE-7A36-4B3C-A1C8-4BC4454B4580}
		{45D0C8B6-0DE1-4E7F-BDAB-996BE39C2DD7} = {CF863BCE-7A36-4B3C-A1C8-4BC4454B4580}
		{2F1E40B9-6C94-4714-A314-E67B10CE6284} = {45D0C8B6-0DE1-4E7F-BDAB-996BE39C2DD7}
		{CF863BCE-7A36-4B3C-A1C8-4BC4454B4580} = {EC7DE2B7-FD7F-4458-A1AC-5ACA41C69AB5}
		{DE2154F3-E0F1-434E-B716-B8840FBCFA97} = {CF863BCE-7A36-4B3C-A1C8-4BC4454B4580}
		{B0C9D544-D441-4709-B2BF-194E6C2F10B2} = {CF863BCE-7A36-4B3C-A1C8-4BC4454B4580}
	EndGlobalSection
	GlobalSection(ExtensibilityGlobals) = postSolution
		SolutionGuid = {8D6D3E76-16B7-4883-AD78-6AECA7ED0ED8}
	EndGlobalSection
EndGlobal
